// !$*UTF8*$!
{
	archiveVersion = 1;
	classes = {
	};
	objectVersion = 56;
	objects = {

/* Begin PBXBuildFile section */
		1A195B852BEE209900B7AAC1 /* Tracker.swift in Sources */ = {isa = PBXBuildFile; fileRef = 1A195B842BEE209900B7AAC1 /* Tracker.swift */; };
		1A195B882BEE20BE00B7AAC1 /* TrackerCategory.swift in Sources */ = {isa = PBXBuildFile; fileRef = 1A195B872BEE20BE00B7AAC1 /* TrackerCategory.swift */; };
		1A195B8A2BEE20CF00B7AAC1 /* TrackerRecord.swift in Sources */ = {isa = PBXBuildFile; fileRef = 1A195B892BEE20CF00B7AAC1 /* TrackerRecord.swift */; };
		1A195B902BEE46F100B7AAC1 /* NewTrackerViewController.swift in Sources */ = {isa = PBXBuildFile; fileRef = 1A195B8F2BEE46F100B7AAC1 /* NewTrackerViewController.swift */; };
		1A1E94FA2C071AA5009DD79B /* ColorCell.swift in Sources */ = {isa = PBXBuildFile; fileRef = 1A1E94F92C071AA5009DD79B /* ColorCell.swift */; };
		1A1E94FD2C0728DF009DD79B /* CellColors.swift in Sources */ = {isa = PBXBuildFile; fileRef = 1A1E94FC2C0728DF009DD79B /* CellColors.swift */; };
		1A1E94FF2C088725009DD79B /* HeaderViewHabitCollections.swift in Sources */ = {isa = PBXBuildFile; fileRef = 1A1E94FE2C088725009DD79B /* HeaderViewHabitCollections.swift */; };
		1A1E95022C0D956D009DD79B /* TrackerType.swift in Sources */ = {isa = PBXBuildFile; fileRef = 1A1E95012C0D956D009DD79B /* TrackerType.swift */; };
		1A83A3F52C037D980059B026 /* TrackerCell.swift in Sources */ = {isa = PBXBuildFile; fileRef = 1A83A3F42C037D980059B026 /* TrackerCell.swift */; };
		1A877D332BF286C2007EF036 /* DatePickerHelper.swift in Sources */ = {isa = PBXBuildFile; fileRef = 1A877D322BF286C2007EF036 /* DatePickerHelper.swift */; };
		1A877D352BF3552C007EF036 /* IrregularEventViewController.swift in Sources */ = {isa = PBXBuildFile; fileRef = 1A877D342BF3552C007EF036 /* IrregularEventViewController.swift */; };
		1A877D372BF3557D007EF036 /* HabitViewController.swift in Sources */ = {isa = PBXBuildFile; fileRef = 1A877D362BF3557D007EF036 /* HabitViewController.swift */; };
		1A877D3A2BF374EE007EF036 /* CellType.swift in Sources */ = {isa = PBXBuildFile; fileRef = 1A877D392BF374EE007EF036 /* CellType.swift */; };
		1A877D3C2BF37F64007EF036 /* CategoryViewController.swift in Sources */ = {isa = PBXBuildFile; fileRef = 1A877D3B2BF37F64007EF036 /* CategoryViewController.swift */; };
		1A877D3E2BF37FFB007EF036 /* ScheduleViewController.swift in Sources */ = {isa = PBXBuildFile; fileRef = 1A877D3D2BF37FFB007EF036 /* ScheduleViewController.swift */; };
		1A877D402BF4CF8A007EF036 /* Days.swift in Sources */ = {isa = PBXBuildFile; fileRef = 1A877D3F2BF4CF8A007EF036 /* Days.swift */; };
		1A877D452BF4D798007EF036 /* EmojiCell.swift in Sources */ = {isa = PBXBuildFile; fileRef = 1A877D442BF4D798007EF036 /* EmojiCell.swift */; };
		1A877D482BF68FC8007EF036 /* StubView.swift in Sources */ = {isa = PBXBuildFile; fileRef = 1A877D472BF68FC8007EF036 /* StubView.swift */; };
		1A877D4B2BF723C4007EF036 /* TimetableTableViewCell.swift in Sources */ = {isa = PBXBuildFile; fileRef = 1A877D4A2BF723C4007EF036 /* TimetableTableViewCell.swift */; };
		1A877D4E2BF726B8007EF036 /* TimetableDelegate.swift in Sources */ = {isa = PBXBuildFile; fileRef = 1A877D4D2BF726B8007EF036 /* TimetableDelegate.swift */; };
		1A877D512BF74120007EF036 /* Colors.swift in Sources */ = {isa = PBXBuildFile; fileRef = 1A877D502BF74120007EF036 /* Colors.swift */; };
		1A877D532BFBBB5A007EF036 /* AddCategoryViewController.swift in Sources */ = {isa = PBXBuildFile; fileRef = 1A877D522BFBBB5A007EF036 /* AddCategoryViewController.swift */; };
		1A877D552BFBC3F5007EF036 /* NewCategoryViewControllerDelegate.swift in Sources */ = {isa = PBXBuildFile; fileRef = 1A877D542BFBC3F5007EF036 /* NewCategoryViewControllerDelegate.swift */; };
		1A877D572BFBD76F007EF036 /* NewTrackerDelegate.swift in Sources */ = {isa = PBXBuildFile; fileRef = 1A877D562BFBD76F007EF036 /* NewTrackerDelegate.swift */; };
		1A877D592BFCAB41007EF036 /* CellCategory.swift in Sources */ = {isa = PBXBuildFile; fileRef = 1A877D582BFCAB41007EF036 /* CellCategory.swift */; };
		1AA30DDB2BFDF239004C3D27 /* CategorySelectionDelegate.swift in Sources */ = {isa = PBXBuildFile; fileRef = 1AA30DDA2BFDF239004C3D27 /* CategorySelectionDelegate.swift */; };
		1AA30DDD2BFE0DFF004C3D27 /* BasicButton.swift in Sources */ = {isa = PBXBuildFile; fileRef = 1AA30DDC2BFE0DFF004C3D27 /* BasicButton.swift */; };
		1AA30DDF2BFE1B63004C3D27 /* BasicTextLabel.swift in Sources */ = {isa = PBXBuildFile; fileRef = 1AA30DDE2BFE1B63004C3D27 /* BasicTextLabel.swift */; };
		1AA642352BE7E9AA002D6B32 /* AppDelegate.swift in Sources */ = {isa = PBXBuildFile; fileRef = 1AA642342BE7E9AA002D6B32 /* AppDelegate.swift */; };
		1AA642372BE7E9AA002D6B32 /* SceneDelegate.swift in Sources */ = {isa = PBXBuildFile; fileRef = 1AA642362BE7E9AA002D6B32 /* SceneDelegate.swift */; };
		1AA642392BE7E9AA002D6B32 /* ViewController.swift in Sources */ = {isa = PBXBuildFile; fileRef = 1AA642382BE7E9AA002D6B32 /* ViewController.swift */; };
		1AA6423E2BE7E9AB002D6B32 /* Assets.xcassets in Resources */ = {isa = PBXBuildFile; fileRef = 1AA6423D2BE7E9AB002D6B32 /* Assets.xcassets */; };
		1AA642412BE7E9AB002D6B32 /* Base in Resources */ = {isa = PBXBuildFile; fileRef = 1AA642402BE7E9AB002D6B32 /* Base */; };
		1AA6424D2BE7FB4A002D6B32 /* StatisticViewController.swift in Sources */ = {isa = PBXBuildFile; fileRef = 1AA6424C2BE7FB4A002D6B32 /* StatisticViewController.swift */; };
		1AA6424F2BE7FE7C002D6B32 /* TrackerViewController.swift in Sources */ = {isa = PBXBuildFile; fileRef = 1AA6424E2BE7FE7C002D6B32 /* TrackerViewController.swift */; };
/* End PBXBuildFile section */

/* Begin PBXFileReference section */
		1A195B842BEE209900B7AAC1 /* Tracker.swift */ = {isa = PBXFileReference; lastKnownFileType = sourcecode.swift; path = Tracker.swift; sourceTree = "<group>"; };
		1A195B872BEE20BE00B7AAC1 /* TrackerCategory.swift */ = {isa = PBXFileReference; lastKnownFileType = sourcecode.swift; path = TrackerCategory.swift; sourceTree = "<group>"; };
		1A195B892BEE20CF00B7AAC1 /* TrackerRecord.swift */ = {isa = PBXFileReference; lastKnownFileType = sourcecode.swift; path = TrackerRecord.swift; sourceTree = "<group>"; };
		1A195B8F2BEE46F100B7AAC1 /* NewTrackerViewController.swift */ = {isa = PBXFileReference; lastKnownFileType = sourcecode.swift; path = NewTrackerViewController.swift; sourceTree = "<group>"; };
		1A1E94F92C071AA5009DD79B /* ColorCell.swift */ = {isa = PBXFileReference; lastKnownFileType = sourcecode.swift; path = ColorCell.swift; sourceTree = "<group>"; };
		1A1E94FC2C0728DF009DD79B /* CellColors.swift */ = {isa = PBXFileReference; lastKnownFileType = sourcecode.swift; path = CellColors.swift; sourceTree = "<group>"; };
		1A1E94FE2C088725009DD79B /* HeaderViewHabitCollections.swift */ = {isa = PBXFileReference; lastKnownFileType = sourcecode.swift; path = HeaderViewHabitCollections.swift; sourceTree = "<group>"; };
		1A1E95012C0D956D009DD79B /* TrackerType.swift */ = {isa = PBXFileReference; lastKnownFileType = sourcecode.swift; path = TrackerType.swift; sourceTree = "<group>"; };
		1A83A3F42C037D980059B026 /* TrackerCell.swift */ = {isa = PBXFileReference; lastKnownFileType = sourcecode.swift; path = TrackerCell.swift; sourceTree = "<group>"; };
		1A877D322BF286C2007EF036 /* DatePickerHelper.swift */ = {isa = PBXFileReference; lastKnownFileType = sourcecode.swift; path = DatePickerHelper.swift; sourceTree = "<group>"; };
		1A877D342BF3552C007EF036 /* IrregularEventViewController.swift */ = {isa = PBXFileReference; lastKnownFileType = sourcecode.swift; path = IrregularEventViewController.swift; sourceTree = "<group>"; };
		1A877D362BF3557D007EF036 /* HabitViewController.swift */ = {isa = PBXFileReference; lastKnownFileType = sourcecode.swift; path = HabitViewController.swift; sourceTree = "<group>"; };
		1A877D392BF374EE007EF036 /* CellType.swift */ = {isa = PBXFileReference; lastKnownFileType = sourcecode.swift; path = CellType.swift; sourceTree = "<group>"; };
		1A877D3B2BF37F64007EF036 /* CategoryViewController.swift */ = {isa = PBXFileReference; lastKnownFileType = sourcecode.swift; path = CategoryViewController.swift; sourceTree = "<group>"; };
		1A877D3D2BF37FFB007EF036 /* ScheduleViewController.swift */ = {isa = PBXFileReference; lastKnownFileType = sourcecode.swift; path = ScheduleViewController.swift; sourceTree = "<group>"; };
		1A877D3F2BF4CF8A007EF036 /* Days.swift */ = {isa = PBXFileReference; lastKnownFileType = sourcecode.swift; path = Days.swift; sourceTree = "<group>"; };
		1A877D442BF4D798007EF036 /* EmojiCell.swift */ = {isa = PBXFileReference; lastKnownFileType = sourcecode.swift; path = EmojiCell.swift; sourceTree = "<group>"; };
		1A877D472BF68FC8007EF036 /* StubView.swift */ = {isa = PBXFileReference; lastKnownFileType = sourcecode.swift; path = StubView.swift; sourceTree = "<group>"; };
		1A877D4A2BF723C4007EF036 /* TimetableTableViewCell.swift */ = {isa = PBXFileReference; lastKnownFileType = sourcecode.swift; path = TimetableTableViewCell.swift; sourceTree = "<group>"; };
		1A877D4D2BF726B8007EF036 /* TimetableDelegate.swift */ = {isa = PBXFileReference; lastKnownFileType = sourcecode.swift; path = TimetableDelegate.swift; sourceTree = "<group>"; };
		1A877D502BF74120007EF036 /* Colors.swift */ = {isa = PBXFileReference; lastKnownFileType = sourcecode.swift; path = Colors.swift; sourceTree = "<group>"; };
		1A877D522BFBBB5A007EF036 /* AddCategoryViewController.swift */ = {isa = PBXFileReference; lastKnownFileType = sourcecode.swift; path = AddCategoryViewController.swift; sourceTree = "<group>"; };
		1A877D542BFBC3F5007EF036 /* NewCategoryViewControllerDelegate.swift */ = {isa = PBXFileReference; lastKnownFileType = sourcecode.swift; path = NewCategoryViewControllerDelegate.swift; sourceTree = "<group>"; };
		1A877D562BFBD76F007EF036 /* NewTrackerDelegate.swift */ = {isa = PBXFileReference; lastKnownFileType = sourcecode.swift; path = NewTrackerDelegate.swift; sourceTree = "<group>"; };
		1A877D582BFCAB41007EF036 /* CellCategory.swift */ = {isa = PBXFileReference; lastKnownFileType = sourcecode.swift; path = CellCategory.swift; sourceTree = "<group>"; };
		1AA30DDA2BFDF239004C3D27 /* CategorySelectionDelegate.swift */ = {isa = PBXFileReference; lastKnownFileType = sourcecode.swift; path = CategorySelectionDelegate.swift; sourceTree = "<group>"; };
		1AA30DDC2BFE0DFF004C3D27 /* BasicButton.swift */ = {isa = PBXFileReference; lastKnownFileType = sourcecode.swift; path = BasicButton.swift; sourceTree = "<group>"; };
		1AA30DDE2BFE1B63004C3D27 /* BasicTextLabel.swift */ = {isa = PBXFileReference; lastKnownFileType = sourcecode.swift; path = BasicTextLabel.swift; sourceTree = "<group>"; };
		1AA642312BE7E9AA002D6B32 /* Tracker.app */ = {isa = PBXFileReference; explicitFileType = wrapper.application; includeInIndex = 0; path = Tracker.app; sourceTree = BUILT_PRODUCTS_DIR; };
		1AA642342BE7E9AA002D6B32 /* AppDelegate.swift */ = {isa = PBXFileReference; lastKnownFileType = sourcecode.swift; path = AppDelegate.swift; sourceTree = "<group>"; };
		1AA642362BE7E9AA002D6B32 /* SceneDelegate.swift */ = {isa = PBXFileReference; lastKnownFileType = sourcecode.swift; path = SceneDelegate.swift; sourceTree = "<group>"; };
		1AA642382BE7E9AA002D6B32 /* ViewController.swift */ = {isa = PBXFileReference; lastKnownFileType = sourcecode.swift; path = ViewController.swift; sourceTree = "<group>"; };
		1AA6423D2BE7E9AB002D6B32 /* Assets.xcassets */ = {isa = PBXFileReference; lastKnownFileType = folder.assetcatalog; path = Assets.xcassets; sourceTree = "<group>"; };
		1AA642402BE7E9AB002D6B32 /* Base */ = {isa = PBXFileReference; lastKnownFileType = file.storyboard; name = Base; path = Base.lproj/LaunchScreen.storyboard; sourceTree = "<group>"; };
		1AA642422BE7E9AB002D6B32 /* Info.plist */ = {isa = PBXFileReference; lastKnownFileType = text.plist.xml; path = Info.plist; sourceTree = "<group>"; };
		1AA6424C2BE7FB4A002D6B32 /* StatisticViewController.swift */ = {isa = PBXFileReference; lastKnownFileType = sourcecode.swift; path = StatisticViewController.swift; sourceTree = "<group>"; };
		1AA6424E2BE7FE7C002D6B32 /* TrackerViewController.swift */ = {isa = PBXFileReference; lastKnownFileType = sourcecode.swift; path = TrackerViewController.swift; sourceTree = "<group>"; };
/* End PBXFileReference section */

/* Begin PBXFrameworksBuildPhase section */
		1AA6422E2BE7E9AA002D6B32 /* Frameworks */ = {
			isa = PBXFrameworksBuildPhase;
			buildActionMask = 2147483647;
			files = (
			);
			runOnlyForDeploymentPostprocessing = 0;
		};
/* End PBXFrameworksBuildPhase section */

/* Begin PBXGroup section */
		1A195B832BEE200F00B7AAC1 /* Trackers */ = {
			isa = PBXGroup;
			children = (
				1A195B862BEE209F00B7AAC1 /* Models */,
			);
			path = Trackers;
			sourceTree = "<group>";
		};
		1A195B862BEE209F00B7AAC1 /* Models */ = {
			isa = PBXGroup;
			children = (
				1A195B842BEE209900B7AAC1 /* Tracker.swift */,
				1A195B872BEE20BE00B7AAC1 /* TrackerCategory.swift */,
				1A195B892BEE20CF00B7AAC1 /* TrackerRecord.swift */,
				1A877D3F2BF4CF8A007EF036 /* Days.swift */,
				1A1E95012C0D956D009DD79B /* TrackerType.swift */,
			);
			path = Models;
			sourceTree = "<group>";
		};
		1A195B8D2BEE3F3200B7AAC1 /* ViewControllers */ = {
			isa = PBXGroup;
			children = (
				1AA6424C2BE7FB4A002D6B32 /* StatisticViewController.swift */,
				1AA6424E2BE7FE7C002D6B32 /* TrackerViewController.swift */,
			);
			path = ViewControllers;
			sourceTree = "<group>";
		};
		1A195B8E2BEE3FEF00B7AAC1 /* NavViewControllers */ = {
			isa = PBXGroup;
			children = (
				1A195B8F2BEE46F100B7AAC1 /* NewTrackerViewController.swift */,
				1A877D362BF3557D007EF036 /* HabitViewController.swift */,
				1A877D3B2BF37F64007EF036 /* CategoryViewController.swift */,
				1A877D522BFBBB5A007EF036 /* AddCategoryViewController.swift */,
				1A877D3D2BF37FFB007EF036 /* ScheduleViewController.swift */,
				1A877D342BF3552C007EF036 /* IrregularEventViewController.swift */,
			);
			path = NavViewControllers;
			sourceTree = "<group>";
		};
		1A1E94F82C071A55009DD79B /* HabitVC */ = {
			isa = PBXGroup;
			children = (
				1A877D582BFCAB41007EF036 /* CellCategory.swift */,
				1A877D4A2BF723C4007EF036 /* TimetableTableViewCell.swift */,
				1A877D442BF4D798007EF036 /* EmojiCell.swift */,
				1A877D392BF374EE007EF036 /* CellType.swift */,
				1A1E94F92C071AA5009DD79B /* ColorCell.swift */,
				1A1E94FE2C088725009DD79B /* HeaderViewHabitCollections.swift */,
			);
			path = HabitVC;
			sourceTree = "<group>";
		};
		1A1E94FB2C071C32009DD79B /* TrackerVC */ = {
			isa = PBXGroup;
			children = (
				1A83A3F42C037D980059B026 /* TrackerCell.swift */,
			);
			path = TrackerVC;
			sourceTree = "<group>";
		};
		1A877D312BF2868D007EF036 /* DataPickerHelper */ = {
			isa = PBXGroup;
			children = (
				1A877D322BF286C2007EF036 /* DatePickerHelper.swift */,
			);
			path = DataPickerHelper;
			sourceTree = "<group>";
		};
		1A877D382BF374CF007EF036 /* CollectionViewHelper */ = {
			isa = PBXGroup;
			children = (
				1A1E94FB2C071C32009DD79B /* TrackerVC */,
				1A1E94F82C071A55009DD79B /* HabitVC */,
			);
			path = CollectionViewHelper;
			sourceTree = "<group>";
		};
		1A877D462BF68FA6007EF036 /* СustomUIСomponents */ = {
			isa = PBXGroup;
			children = (
				1A877D472BF68FC8007EF036 /* StubView.swift */,
				1AA30DDC2BFE0DFF004C3D27 /* BasicButton.swift */,
				1AA30DDE2BFE1B63004C3D27 /* BasicTextLabel.swift */,
			);
			path = "СustomUIСomponents";
			sourceTree = "<group>";
		};
		1A877D4C2BF72693007EF036 /* Protocols */ = {
			isa = PBXGroup;
			children = (
				1A877D562BFBD76F007EF036 /* NewTrackerDelegate.swift */,
				1A877D542BFBC3F5007EF036 /* NewCategoryViewControllerDelegate.swift */,
				1AA30DDA2BFDF239004C3D27 /* CategorySelectionDelegate.swift */,
				1A877D4D2BF726B8007EF036 /* TimetableDelegate.swift */,
			);
			path = Protocols;
			sourceTree = "<group>";
		};
		1A877D4F2BF740F2007EF036 /* Resource */ = {
			isa = PBXGroup;
			children = (
				1AA6423D2BE7E9AB002D6B32 /* Assets.xcassets */,
				1A877D502BF74120007EF036 /* Colors.swift */,
				1A1E94FC2C0728DF009DD79B /* CellColors.swift */,
			);
			path = Resource;
			sourceTree = "<group>";
		};
		1AA642282BE7E9AA002D6B32 = {
			isa = PBXGroup;
			children = (
				1AA642332BE7E9AA002D6B32 /* Tracker */,
				1AA642322BE7E9AA002D6B32 /* Products */,
			);
			sourceTree = "<group>";
		};
		1AA642322BE7E9AA002D6B32 /* Products */ = {
			isa = PBXGroup;
			children = (
				1AA642312BE7E9AA002D6B32 /* Tracker.app */,
			);
			name = Products;
			sourceTree = "<group>";
		};
		1AA642332BE7E9AA002D6B32 /* Tracker */ = {
			isa = PBXGroup;
			children = (
				1A877D4F2BF740F2007EF036 /* Resource */,
				1A877D4C2BF72693007EF036 /* Protocols */,
				1A877D382BF374CF007EF036 /* CollectionViewHelper */,
				1A877D312BF2868D007EF036 /* DataPickerHelper */,
				1A195B8E2BEE3FEF00B7AAC1 /* NavViewControllers */,
				1A195B8D2BEE3F3200B7AAC1 /* ViewControllers */,
				1A195B832BEE200F00B7AAC1 /* Trackers */,
				1A877D462BF68FA6007EF036 /* СustomUIСomponents */,
				1AA642342BE7E9AA002D6B32 /* AppDelegate.swift */,
				1AA642362BE7E9AA002D6B32 /* SceneDelegate.swift */,
				1AA642382BE7E9AA002D6B32 /* ViewController.swift */,
				1AA6423F2BE7E9AB002D6B32 /* LaunchScreen.storyboard */,
				1AA642422BE7E9AB002D6B32 /* Info.plist */,
			);
			path = Tracker;
			sourceTree = "<group>";
		};
/* End PBXGroup section */

/* Begin PBXNativeTarget section */
		1AA642302BE7E9AA002D6B32 /* Tracker */ = {
			isa = PBXNativeTarget;
			buildConfigurationList = 1AA642452BE7E9AB002D6B32 /* Build configuration list for PBXNativeTarget "Tracker" */;
			buildPhases = (
				1AA6422D2BE7E9AA002D6B32 /* Sources */,
				1AA6422E2BE7E9AA002D6B32 /* Frameworks */,
				1AA6422F2BE7E9AA002D6B32 /* Resources */,
			);
			buildRules = (
			);
			dependencies = (
			);
			name = Tracker;
			productName = Tracker;
			productReference = 1AA642312BE7E9AA002D6B32 /* Tracker.app */;
			productType = "com.apple.product-type.application";
		};
/* End PBXNativeTarget section */

/* Begin PBXProject section */
		1AA642292BE7E9AA002D6B32 /* Project object */ = {
			isa = PBXProject;
			attributes = {
				BuildIndependentTargetsInParallel = 1;
				LastSwiftUpdateCheck = 1530;
				LastUpgradeCheck = 1530;
				TargetAttributes = {
					1AA642302BE7E9AA002D6B32 = {
						CreatedOnToolsVersion = 15.3;
					};
				};
			};
			buildConfigurationList = 1AA6422C2BE7E9AA002D6B32 /* Build configuration list for PBXProject "Tracker" */;
			compatibilityVersion = "Xcode 14.0";
			developmentRegion = en;
			hasScannedForEncodings = 0;
			knownRegions = (
				en,
				Base,
			);
			mainGroup = 1AA642282BE7E9AA002D6B32;
			productRefGroup = 1AA642322BE7E9AA002D6B32 /* Products */;
			projectDirPath = "";
			projectRoot = "";
			targets = (
				1AA642302BE7E9AA002D6B32 /* Tracker */,
			);
		};
/* End PBXProject section */

/* Begin PBXResourcesBuildPhase section */
		1AA6422F2BE7E9AA002D6B32 /* Resources */ = {
			isa = PBXResourcesBuildPhase;
			buildActionMask = 2147483647;
			files = (
				1AA6423E2BE7E9AB002D6B32 /* Assets.xcassets in Resources */,
				1AA642412BE7E9AB002D6B32 /* Base in Resources */,
			);
			runOnlyForDeploymentPostprocessing = 0;
		};
/* End PBXResourcesBuildPhase section */

/* Begin PBXSourcesBuildPhase section */
		1AA6422D2BE7E9AA002D6B32 /* Sources */ = {
			isa = PBXSourcesBuildPhase;
			buildActionMask = 2147483647;
			files = (
				1A877D592BFCAB41007EF036 /* CellCategory.swift in Sources */,
				1A877D3E2BF37FFB007EF036 /* ScheduleViewController.swift in Sources */,
				1AA642392BE7E9AA002D6B32 /* ViewController.swift in Sources */,
				1A877D4B2BF723C4007EF036 /* TimetableTableViewCell.swift in Sources */,
				1A195B882BEE20BE00B7AAC1 /* TrackerCategory.swift in Sources */,
				1A877D572BFBD76F007EF036 /* NewTrackerDelegate.swift in Sources */,
				1A877D4E2BF726B8007EF036 /* TimetableDelegate.swift in Sources */,
				1A877D3C2BF37F64007EF036 /* CategoryViewController.swift in Sources */,
				1AA642352BE7E9AA002D6B32 /* AppDelegate.swift in Sources */,
				1A877D332BF286C2007EF036 /* DatePickerHelper.swift in Sources */,
				1A83A3F52C037D980059B026 /* TrackerCell.swift in Sources */,
				1AA30DDF2BFE1B63004C3D27 /* BasicTextLabel.swift in Sources */,
				1A877D402BF4CF8A007EF036 /* Days.swift in Sources */,
				1A877D3A2BF374EE007EF036 /* CellType.swift in Sources */,
				1A1E94FF2C088725009DD79B /* HeaderViewHabitCollections.swift in Sources */,
				1A877D532BFBBB5A007EF036 /* AddCategoryViewController.swift in Sources */,
				1A877D512BF74120007EF036 /* Colors.swift in Sources */,
				1A877D552BFBC3F5007EF036 /* NewCategoryViewControllerDelegate.swift in Sources */,
				1AA6424F2BE7FE7C002D6B32 /* TrackerViewController.swift in Sources */,
				1A1E95022C0D956D009DD79B /* TrackerType.swift in Sources */,
				1A877D372BF3557D007EF036 /* HabitViewController.swift in Sources */,
				1AA30DDB2BFDF239004C3D27 /* CategorySelectionDelegate.swift in Sources */,
				1A195B8A2BEE20CF00B7AAC1 /* TrackerRecord.swift in Sources */,
				1A195B902BEE46F100B7AAC1 /* NewTrackerViewController.swift in Sources */,
				1AA6424D2BE7FB4A002D6B32 /* StatisticViewController.swift in Sources */,
				1AA30DDD2BFE0DFF004C3D27 /* BasicButton.swift in Sources */,
				1AA642372BE7E9AA002D6B32 /* SceneDelegate.swift in Sources */,
				1A1E94FA2C071AA5009DD79B /* ColorCell.swift in Sources */,
				1A877D482BF68FC8007EF036 /* StubView.swift in Sources */,
				1A195B852BEE209900B7AAC1 /* Tracker.swift in Sources */,
				1A1E94FD2C0728DF009DD79B /* CellColors.swift in Sources */,
				1A877D352BF3552C007EF036 /* IrregularEventViewController.swift in Sources */,
				1A877D452BF4D798007EF036 /* EmojiCell.swift in Sources */,
			);
			runOnlyForDeploymentPostprocessing = 0;
		};
/* End PBXSourcesBuildPhase section */

/* Begin PBXVariantGroup section */
		1AA6423F2BE7E9AB002D6B32 /* LaunchScreen.storyboard */ = {
			isa = PBXVariantGroup;
			children = (
				1AA642402BE7E9AB002D6B32 /* Base */,
			);
			name = LaunchScreen.storyboard;
			sourceTree = "<group>";
		};
/* End PBXVariantGroup section */

/* Begin XCBuildConfiguration section */
		1AA642432BE7E9AB002D6B32 /* Debug */ = {
			isa = XCBuildConfiguration;
			buildSettings = {
				ALWAYS_SEARCH_USER_PATHS = NO;
				ASSETCATALOG_COMPILER_GENERATE_SWIFT_ASSET_SYMBOL_EXTENSIONS = YES;
				CLANG_ANALYZER_NONNULL = YES;
				CLANG_ANALYZER_NUMBER_OBJECT_CONVERSION = YES_AGGRESSIVE;
				CLANG_CXX_LANGUAGE_STANDARD = "gnu++20";
				CLANG_ENABLE_MODULES = YES;
				CLANG_ENABLE_OBJC_ARC = YES;
				CLANG_ENABLE_OBJC_WEAK = YES;
				CLANG_WARN_BLOCK_CAPTURE_AUTORELEASING = YES;
				CLANG_WARN_BOOL_CONVERSION = YES;
				CLANG_WARN_COMMA = YES;
				CLANG_WARN_CONSTANT_CONVERSION = YES;
				CLANG_WARN_DEPRECATED_OBJC_IMPLEMENTATIONS = YES;
				CLANG_WARN_DIRECT_OBJC_ISA_USAGE = YES_ERROR;
				CLANG_WARN_DOCUMENTATION_COMMENTS = YES;
				CLANG_WARN_EMPTY_BODY = YES;
				CLANG_WARN_ENUM_CONVERSION = YES;
				CLANG_WARN_INFINITE_RECURSION = YES;
				CLANG_WARN_INT_CONVERSION = YES;
				CLANG_WARN_NON_LITERAL_NULL_CONVERSION = YES;
				CLANG_WARN_OBJC_IMPLICIT_RETAIN_SELF = YES;
				CLANG_WARN_OBJC_LITERAL_CONVERSION = YES;
				CLANG_WARN_OBJC_ROOT_CLASS = YES_ERROR;
				CLANG_WARN_QUOTED_INCLUDE_IN_FRAMEWORK_HEADER = YES;
				CLANG_WARN_RANGE_LOOP_ANALYSIS = YES;
				CLANG_WARN_STRICT_PROTOTYPES = YES;
				CLANG_WARN_SUSPICIOUS_MOVE = YES;
				CLANG_WARN_UNGUARDED_AVAILABILITY = YES_AGGRESSIVE;
				CLANG_WARN_UNREACHABLE_CODE = YES;
				CLANG_WARN__DUPLICATE_METHOD_MATCH = YES;
				COPY_PHASE_STRIP = NO;
				DEBUG_INFORMATION_FORMAT = dwarf;
				ENABLE_STRICT_OBJC_MSGSEND = YES;
				ENABLE_TESTABILITY = YES;
				ENABLE_USER_SCRIPT_SANDBOXING = YES;
				GCC_C_LANGUAGE_STANDARD = gnu17;
				GCC_DYNAMIC_NO_PIC = NO;
				GCC_NO_COMMON_BLOCKS = YES;
				GCC_OPTIMIZATION_LEVEL = 0;
				GCC_PREPROCESSOR_DEFINITIONS = (
					"DEBUG=1",
					"$(inherited)",
				);
				GCC_WARN_64_TO_32_BIT_CONVERSION = YES;
				GCC_WARN_ABOUT_RETURN_TYPE = YES_ERROR;
				GCC_WARN_UNDECLARED_SELECTOR = YES;
				GCC_WARN_UNINITIALIZED_AUTOS = YES_AGGRESSIVE;
				GCC_WARN_UNUSED_FUNCTION = YES;
				GCC_WARN_UNUSED_VARIABLE = YES;
				IPHONEOS_DEPLOYMENT_TARGET = 17.4;
				LOCALIZATION_PREFERS_STRING_CATALOGS = YES;
				MTL_ENABLE_DEBUG_INFO = INCLUDE_SOURCE;
				MTL_FAST_MATH = YES;
				ONLY_ACTIVE_ARCH = YES;
				SDKROOT = iphoneos;
				SWIFT_ACTIVE_COMPILATION_CONDITIONS = "DEBUG $(inherited)";
				SWIFT_OPTIMIZATION_LEVEL = "-Onone";
			};
			name = Debug;
		};
		1AA642442BE7E9AB002D6B32 /* Release */ = {
			isa = XCBuildConfiguration;
			buildSettings = {
				ALWAYS_SEARCH_USER_PATHS = NO;
				ASSETCATALOG_COMPILER_GENERATE_SWIFT_ASSET_SYMBOL_EXTENSIONS = YES;
				CLANG_ANALYZER_NONNULL = YES;
				CLANG_ANALYZER_NUMBER_OBJECT_CONVERSION = YES_AGGRESSIVE;
				CLANG_CXX_LANGUAGE_STANDARD = "gnu++20";
				CLANG_ENABLE_MODULES = YES;
				CLANG_ENABLE_OBJC_ARC = YES;
				CLANG_ENABLE_OBJC_WEAK = YES;
				CLANG_WARN_BLOCK_CAPTURE_AUTORELEASING = YES;
				CLANG_WARN_BOOL_CONVERSION = YES;
				CLANG_WARN_COMMA = YES;
				CLANG_WARN_CONSTANT_CONVERSION = YES;
				CLANG_WARN_DEPRECATED_OBJC_IMPLEMENTATIONS = YES;
				CLANG_WARN_DIRECT_OBJC_ISA_USAGE = YES_ERROR;
				CLANG_WARN_DOCUMENTATION_COMMENTS = YES;
				CLANG_WARN_EMPTY_BODY = YES;
				CLANG_WARN_ENUM_CONVERSION = YES;
				CLANG_WARN_INFINITE_RECURSION = YES;
				CLANG_WARN_INT_CONVERSION = YES;
				CLANG_WARN_NON_LITERAL_NULL_CONVERSION = YES;
				CLANG_WARN_OBJC_IMPLICIT_RETAIN_SELF = YES;
				CLANG_WARN_OBJC_LITERAL_CONVERSION = YES;
				CLANG_WARN_OBJC_ROOT_CLASS = YES_ERROR;
				CLANG_WARN_QUOTED_INCLUDE_IN_FRAMEWORK_HEADER = YES;
				CLANG_WARN_RANGE_LOOP_ANALYSIS = YES;
				CLANG_WARN_STRICT_PROTOTYPES = YES;
				CLANG_WARN_SUSPICIOUS_MOVE = YES;
				CLANG_WARN_UNGUARDED_AVAILABILITY = YES_AGGRESSIVE;
				CLANG_WARN_UNREACHABLE_CODE = YES;
				CLANG_WARN__DUPLICATE_METHOD_MATCH = YES;
				COPY_PHASE_STRIP = NO;
				DEBUG_INFORMATION_FORMAT = "dwarf-with-dsym";
				ENABLE_NS_ASSERTIONS = NO;
				ENABLE_STRICT_OBJC_MSGSEND = YES;
				ENABLE_USER_SCRIPT_SANDBOXING = YES;
				GCC_C_LANGUAGE_STANDARD = gnu17;
				GCC_NO_COMMON_BLOCKS = YES;
				GCC_WARN_64_TO_32_BIT_CONVERSION = YES;
				GCC_WARN_ABOUT_RETURN_TYPE = YES_ERROR;
				GCC_WARN_UNDECLARED_SELECTOR = YES;
				GCC_WARN_UNINITIALIZED_AUTOS = YES_AGGRESSIVE;
				GCC_WARN_UNUSED_FUNCTION = YES;
				GCC_WARN_UNUSED_VARIABLE = YES;
				IPHONEOS_DEPLOYMENT_TARGET = 17.4;
				LOCALIZATION_PREFERS_STRING_CATALOGS = YES;
				MTL_ENABLE_DEBUG_INFO = NO;
				MTL_FAST_MATH = YES;
				SDKROOT = iphoneos;
				SWIFT_COMPILATION_MODE = wholemodule;
				VALIDATE_PRODUCT = YES;
			};
			name = Release;
		};
		1AA642462BE7E9AB002D6B32 /* Debug */ = {
			isa = XCBuildConfiguration;
			buildSettings = {
				ASSETCATALOG_COMPILER_APPICON_NAME = AppIcon;
				ASSETCATALOG_COMPILER_GLOBAL_ACCENT_COLOR_NAME = AccentColor;
				CODE_SIGN_STYLE = Automatic;
				CURRENT_PROJECT_VERSION = 1;
				DEVELOPMENT_TEAM = PXN76A2D3Q;
				GENERATE_INFOPLIST_FILE = YES;
				INFOPLIST_FILE = Tracker/Info.plist;
				INFOPLIST_KEY_UIApplicationSupportsIndirectInputEvents = YES;
				INFOPLIST_KEY_UILaunchStoryboardName = LaunchScreen;
				INFOPLIST_KEY_UISupportedInterfaceOrientations_iPad = "UIInterfaceOrientationPortrait UIInterfaceOrientationPortraitUpsideDown UIInterfaceOrientationLandscapeLeft UIInterfaceOrientationLandscapeRight";
				INFOPLIST_KEY_UISupportedInterfaceOrientations_iPhone = "UIInterfaceOrientationPortrait UIInterfaceOrientationLandscapeLeft UIInterfaceOrientationLandscapeRight";
				IPHONEOS_DEPLOYMENT_TARGET = 13.4;
				LD_RUNPATH_SEARCH_PATHS = (
					"$(inherited)",
					"@executable_path/Frameworks",
				);
				MARKETING_VERSION = 1.0;
				PRODUCT_BUNDLE_IDENTIFIER = ru.giya077.practicum.Tracker;
				PRODUCT_NAME = "$(TARGET_NAME)";
				SWIFT_EMIT_LOC_STRINGS = YES;
				SWIFT_VERSION = 5.0;
				TARGETED_DEVICE_FAMILY = "1,2";
			};
			name = Debug;
		};
		1AA642472BE7E9AB002D6B32 /* Release */ = {
			isa = XCBuildConfiguration;
			buildSettings = {
				ASSETCATALOG_COMPILER_APPICON_NAME = AppIcon;
				ASSETCATALOG_COMPILER_GLOBAL_ACCENT_COLOR_NAME = AccentColor;
				CODE_SIGN_STYLE = Automatic;
				CURRENT_PROJECT_VERSION = 1;
				DEVELOPMENT_TEAM = PXN76A2D3Q;
				GENERATE_INFOPLIST_FILE = YES;
				INFOPLIST_FILE = Tracker/Info.plist;
				INFOPLIST_KEY_UIApplicationSupportsIndirectInputEvents = YES;
				INFOPLIST_KEY_UILaunchStoryboardName = LaunchScreen;
				INFOPLIST_KEY_UISupportedInterfaceOrientations_iPad = "UIInterfaceOrientationPortrait UIInterfaceOrientationPortraitUpsideDown UIInterfaceOrientationLandscapeLeft UIInterfaceOrientationLandscapeRight";
				INFOPLIST_KEY_UISupportedInterfaceOrientations_iPhone = "UIInterfaceOrientationPortrait UIInterfaceOrientationLandscapeLeft UIInterfaceOrientationLandscapeRight";
				IPHONEOS_DEPLOYMENT_TARGET = 13.4;
				LD_RUNPATH_SEARCH_PATHS = (
					"$(inherited)",
					"@executable_path/Frameworks",
				);
				MARKETING_VERSION = 1.0;
				PRODUCT_BUNDLE_IDENTIFIER = ru.giya077.practicum.Tracker;
				PRODUCT_NAME = "$(TARGET_NAME)";
				SWIFT_EMIT_LOC_STRINGS = YES;
				SWIFT_VERSION = 5.0;
				TARGETED_DEVICE_FAMILY = "1,2";
			};
			name = Release;
		};
/* End XCBuildConfiguration section */

/* Begin XCConfigurationList section */
		1AA6422C2BE7E9AA002D6B32 /* Build configuration list for PBXProject "Tracker" */ = {
			isa = XCConfigurationList;
			buildConfigurations = (
				1AA642432BE7E9AB002D6B32 /* Debug */,
				1AA642442BE7E9AB002D6B32 /* Release */,
			);
			defaultConfigurationIsVisible = 0;
			defaultConfigurationName = Release;
		};
		1AA642452BE7E9AB002D6B32 /* Build configuration list for PBXNativeTarget "Tracker" */ = {
			isa = XCConfigurationList;
			buildConfigurations = (
				1AA642462BE7E9AB002D6B32 /* Debug */,
				1AA642472BE7E9AB002D6B32 /* Release */,
			);
			defaultConfigurationIsVisible = 0;
			defaultConfigurationName = Release;
		};
/* End XCConfigurationList section */
	};
	rootObject = 1AA642292BE7E9AA002D6B32 /* Project object */;
}
